{
  "lockfile_version": "1",
  "packages": {
    "basedpyright@latest": {
      "last_modified": "2025-10-30T18:40:41Z",
      "resolved": "github:NixOS/nixpkgs/45ebaee5d90bab997812235564af4cf5107bde89#basedpyright",
      "source": "devbox-search",
      "version": "1.32.1",
      "systems": {
        "aarch64-darwin": {
          "outputs": [
            {
              "name": "out",
              "path": "/nix/store/6ilhspksxbhrdypm5fhmc8qdcnv2xcb8-basedpyright-1.32.1",
              "default": true
            }
          ],
          "store_path": "/nix/store/6ilhspksxbhrdypm5fhmc8qdcnv2xcb8-basedpyright-1.32.1"
        },
        "aarch64-linux": {
          "outputs": [
            {
              "name": "out",
              "path": "/nix/store/hxq4zi67fr9dn3did9zqc52k6va015x6-basedpyright-1.32.1",
              "default": true
            }
          ],
          "store_path": "/nix/store/hxq4zi67fr9dn3did9zqc52k6va015x6-basedpyright-1.32.1"
        },
        "x86_64-darwin": {
          "outputs": [
            {
              "name": "out",
              "path": "/nix/store/2q62b5bjr4ird2k3w225gx7ch5xqbsix-basedpyright-1.32.1",
              "default": true
            }
          ],
          "store_path": "/nix/store/2q62b5bjr4ird2k3w225gx7ch5xqbsix-basedpyright-1.32.1"
        },
        "x86_64-linux": {
          "outputs": [
            {
              "name": "out",
              "path": "/nix/store/xmdxkzlb80f5r6xqmpvxbm8jp5maaq13-basedpyright-1.32.1",
              "default": true
            }
          ],
          "store_path": "/nix/store/xmdxkzlb80f5r6xqmpvxbm8jp5maaq13-basedpyright-1.32.1"
        }
      }
    },
    "cargo@latest": {
      "last_modified": "2025-10-22T20:59:19Z",
      "resolved": "github:NixOS/nixpkgs/01b6809f7f9d1183a2b3e081f0a1e6f8f415cb09#cargo",
      "source": "devbox-search",
      "version": "1.89.0",
      "systems": {
        "aarch64-darwin": {
          "outputs": [
            {
              "name": "out",
              "path": "/nix/store/f61dvjzzqj7c9xv07naqx6ga84vj10ip-cargo-1.89.0",
              "default": true
            }
          ],
          "store_path": "/nix/store/f61dvjzzqj7c9xv07naqx6ga84vj10ip-cargo-1.89.0"
        },
        "aarch64-linux": {
          "outputs": [
            {
              "name": "out",
              "path": "/nix/store/cp19l4m09lp45cm86ilvqpl1n1bwf5fz-cargo-1.89.0",
              "default": true
            }
          ],
          "store_path": "/nix/store/cp19l4m09lp45cm86ilvqpl1n1bwf5fz-cargo-1.89.0"
        },
        "x86_64-darwin": {
          "outputs": [
            {
              "name": "out",
              "path": "/nix/store/mdrdfm4q2076c8pp3gk798nzd6g0b5jn-cargo-1.89.0",
              "default": true
            }
          ],
          "store_path": "/nix/store/mdrdfm4q2076c8pp3gk798nzd6g0b5jn-cargo-1.89.0"
        },
        "x86_64-linux": {
          "outputs": [
            {
              "name": "out",
              "path": "/nix/store/ynhfvh8h1da3l2hnm15ab2fh3h8a6lf4-cargo-1.89.0",
              "default": true
            }
          ],
          "store_path": "/nix/store/ynhfvh8h1da3l2hnm15ab2fh3h8a6lf4-cargo-1.89.0"
        }
      }
    },
    "clippy@latest": {
      "last_modified": "2025-10-22T20:59:19Z",
      "resolved": "github:NixOS/nixpkgs/01b6809f7f9d1183a2b3e081f0a1e6f8f415cb09#clippy",
      "source": "devbox-search",
      "version": "1.89.0",
      "systems": {
        "aarch64-darwin": {
          "outputs": [
            {
              "name": "out",
              "path": "/nix/store/i3390dnz9cddhzz3s9kh7vqmmbxq5fbk-clippy-1.89.0",
              "default": true
            }
          ],
          "store_path": "/nix/store/i3390dnz9cddhzz3s9kh7vqmmbxq5fbk-clippy-1.89.0"
        },
        "aarch64-linux": {
          "outputs": [
            {
              "name": "out",
              "path": "/nix/store/rsyy2pz3hbwghyq1l09jqpg3lr31v365-clippy-1.89.0",
              "default": true
            },
            {
              "name": "debug",
              "path": "/nix/store/b71z3inpp723452f3jyq7rhng3khadyn-clippy-1.89.0-debug"
            }
          ],
          "store_path": "/nix/store/rsyy2pz3hbwghyq1l09jqpg3lr31v365-clippy-1.89.0"
        },
        "x86_64-darwin": {
          "outputs": [
            {
              "name": "out",
              "path": "/nix/store/0cdfy1i477bfzhacv93cs8i13282c2jq-clippy-1.89.0",
              "default": true
            }
          ],
          "store_path": "/nix/store/0cdfy1i477bfzhacv93cs8i13282c2jq-clippy-1.89.0"
        },
        "x86_64-linux": {
          "outputs": [
            {
              "name": "out",
              "path": "/nix/store/0yy1f5k22s6x9n6hva5n7v2fpnv3r7zw-clippy-1.89.0",
              "default": true
            },
            {
              "name": "debug",
              "path": "/nix/store/ypqv62aqhanfvkrnfg612pbby11wsbnf-clippy-1.89.0-debug"
            }
          ],
          "store_path": "/nix/store/0yy1f5k22s6x9n6hva5n7v2fpnv3r7zw-clippy-1.89.0"
        }
      }
    },
    "github:NixOS/nixpkgs/nixpkgs-unstable": {
      "last_modified": "2025-11-03T07:53:02Z",
      "resolved": "github:NixOS/nixpkgs/7241bcbb4f099a66aafca120d37c65e8dda32717?lastModified=1762156382&narHash=sha256-Yg7Ag7ov5%2B36jEFC1DaZh%2F12SEXo6OO3%2F8rqADRxiqs%3D"
    },
    "pyright@latest": {
      "last_modified": "2025-10-22T20:59:19Z",
      "resolved": "github:NixOS/nixpkgs/01b6809f7f9d1183a2b3e081f0a1e6f8f415cb09#pyright",
      "source": "devbox-search",
      "version": "1.1.406",
      "systems": {
        "aarch64-darwin": {
          "outputs": [
            {
              "name": "out",
              "path": "/nix/store/0pgza3bjni3c4vv0xhkz4ya8qx33r66a-pyright-1.1.406",
              "default": true
            }
          ],
          "store_path": "/nix/store/0pgza3bjni3c4vv0xhkz4ya8qx33r66a-pyright-1.1.406"
        },
        "aarch64-linux": {
          "outputs": [
            {
              "name": "out",
              "path": "/nix/store/2i6b6zn0b2861w97x2p9yp3y911nl32i-pyright-1.1.406",
              "default": true
            }
          ],
          "store_path": "/nix/store/2i6b6zn0b2861w97x2p9yp3y911nl32i-pyright-1.1.406"
        },
        "x86_64-darwin": {
          "outputs": [
            {
              "name": "out",
              "path": "/nix/store/n69rx39627qfzzg06b2vh2ffchkxrzdq-pyright-1.1.406",
              "default": true
            }
          ],
          "store_path": "/nix/store/n69rx39627qfzzg06b2vh2ffchkxrzdq-pyright-1.1.406"
        },
        "x86_64-linux": {
          "outputs": [
            {
              "name": "out",
              "path": "/nix/store/ycnqhp8ymvdlrdr5siss1vij17kn0yjz-pyright-1.1.406",
              "default": true
            }
          ],
          "store_path": "/nix/store/ycnqhp8ymvdlrdr5siss1vij17kn0yjz-pyright-1.1.406"
        }
      }
    },
    "python313Packages.aiohttp@latest": {
      "last_modified": "2025-10-22T20:59:19Z",
      "resolved": "github:NixOS/nixpkgs/01b6809f7f9d1183a2b3e081f0a1e6f8f415cb09#python313Packages.aiohttp",
      "source": "devbox-search",
      "version": "3.12.15",
      "systems": {
        "aarch64-darwin": {
          "outputs": [
            {
              "name": "out",
              "path": "/nix/store/xa8fi96rxc3ys001x8h8z6iy96a42nkl-python3.13-aiohttp-3.12.15",
              "default": true
            },
            {
              "name": "dist",
              "path": "/nix/store/gl1r5k72hrnl97jn4irjxqlag0q0ns2w-python3.13-aiohttp-3.12.15-dist"
            }
          ],
          "store_path": "/nix/store/xa8fi96rxc3ys001x8h8z6iy96a42nkl-python3.13-aiohttp-3.12.15"
        },
        "aarch64-linux": {
          "outputs": [
            {
              "name": "out",
              "path": "/nix/store/sn2kja85mh9d06cna7zgd58bnky29f9a-python3.13-aiohttp-3.12.15",
              "default": true
            },
            {
              "name": "dist",
              "path": "/nix/store/4iw25sx68sprprjnrbq2cbzrkzkcffvk-python3.13-aiohttp-3.12.15-dist"
            }
          ],
          "store_path": "/nix/store/sn2kja85mh9d06cna7zgd58bnky29f9a-python3.13-aiohttp-3.12.15"
        },
        "x86_64-darwin": {
          "outputs": [
            {
              "name": "out",
              "path": "/nix/store/6lahms19vbzs4fxlamkml9nr3hf09pg2-python3.13-aiohttp-3.12.15",
              "default": true
            },
            {
              "name": "dist",
              "path": "/nix/store/r9r6id822b0y3jmz572l2pmd44zc06v5-python3.13-aiohttp-3.12.15-dist"
            }
          ],
          "store_path": "/nix/store/6lahms19vbzs4fxlamkml9nr3hf09pg2-python3.13-aiohttp-3.12.15"
        },
        "x86_64-linux": {
          "outputs": [
            {
              "name": "out",
              "path": "/nix/store/akpy0d8xcjshq7b1r0hfr285k8sa59d9-python3.13-aiohttp-3.12.15",
              "default": true
            },
            {
              "name": "dist",
              "path": "/nix/store/an49bkr47nyiwzkbpbk1c502s5q23j60-python3.13-aiohttp-3.12.15-dist"
            }
          ],
          "store_path": "/nix/store/akpy0d8xcjshq7b1r0hfr285k8sa59d9-python3.13-aiohttp-3.12.15"
        }
      }
    },
    "python313Packages.pip@latest": {
      "last_modified": "2025-10-22T20:59:19Z",
      "resolved": "github:NixOS/nixpkgs/01b6809f7f9d1183a2b3e081f0a1e6f8f415cb09#python313Packages.pip",
      "source": "devbox-search",
      "version": "25.0.1",
      "systems": {
        "aarch64-darwin": {
          "outputs": [
            {
              "name": "out",
              "path": "/nix/store/34i2vpxan4h126nj4vrrm5b0v98grkjv-python3.13-pip-25.0.1",
              "default": true
            },
            {
              "name": "man",
              "path": "/nix/store/pc3lfs9rbdk950akqg702bys4l1n7ljg-python3.13-pip-25.0.1-man",
              "default": true
            },
            {
              "name": "dist",
              "path": "/nix/store/52zl4h5biphcvp37670a1jl24pwnjd4h-python3.13-pip-25.0.1-dist"
            }
          ],
          "store_path": "/nix/store/34i2vpxan4h126nj4vrrm5b0v98grkjv-python3.13-pip-25.0.1"
        },
        "aarch64-linux": {
          "outputs": [
            {
              "name": "out",
              "path": "/nix/store/ziyl34yfvchv0a22i2jwrf69hsxq44zz-python3.13-pip-25.0.1",
              "default": true
            },
            {
              "name": "man",
              "path": "/nix/store/jrfw77zad0x71ak7p6p5w8frjyw9yb2h-python3.13-pip-25.0.1-man",
              "default": true
            },
            {
              "name": "dist",
              "path": "/nix/store/c6v77hivsln51v73vj18dsybscgpp84r-python3.13-pip-25.0.1-dist"
            }
          ],
          "store_path": "/nix/store/ziyl34yfvchv0a22i2jwrf69hsxq44zz-python3.13-pip-25.0.1"
        },
        "x86_64-darwin": {
          "outputs": [
            {
              "name": "out",
              "path": "/nix/store/w0wxlyjfsicaz2hbwvk7ia5a6vidv9vb-python3.13-pip-25.0.1",
              "default": true
            },
            {
              "name": "man",
              "path": "/nix/store/w5kc7mgj0323d3wjnd0clplbkfay86dm-python3.13-pip-25.0.1-man",
              "default": true
            },
            {
              "name": "dist",
              "path": "/nix/store/f0wrlzp34fp8lq4w0mnbf7dam02g08yf-python3.13-pip-25.0.1-dist"
            }
          ],
          "store_path": "/nix/store/w0wxlyjfsicaz2hbwvk7ia5a6vidv9vb-python3.13-pip-25.0.1"
        },
        "x86_64-linux": {
          "outputs": [
            {
              "name": "out",
              "path": "/nix/store/gy03hscs2s1jz46kznx2w149amhigixs-python3.13-pip-25.0.1",
              "default": true
            },
            {
              "name": "man",
              "path": "/nix/store/nxq2bagvl6b95l8cm85iwvs3dvk2vx8q-python3.13-pip-25.0.1-man",
              "default": true
            },
            {
              "name": "dist",
              "path": "/nix/store/943rbwzkmprid686641rxzw4grvxsqs6-python3.13-pip-25.0.1-dist"
            }
          ],
          "store_path": "/nix/store/gy03hscs2s1jz46kznx2w149amhigixs-python3.13-pip-25.0.1"
        }
      }
    },
    "python313Packages.pygments@latest": {
      "last_modified": "2025-10-22T20:59:19Z",
      "resolved": "github:NixOS/nixpkgs/01b6809f7f9d1183a2b3e081f0a1e6f8f415cb09#python313Packages.pygments",
      "source": "devbox-search",
      "version": "2.19.2",
      "systems": {
        "aarch64-darwin": {
          "outputs": [
            {
              "name": "out",
              "path": "/nix/store/j4rb657xi7d5pcysl27r63wb1i31nsxh-python3.13-pygments-2.19.2",
              "default": true
            },
            {
              "name": "dist",
              "path": "/nix/store/lyvvwhvnygqi00spz6n06vcbjkybns92-python3.13-pygments-2.19.2-dist"
            }
          ],
          "store_path": "/nix/store/j4rb657xi7d5pcysl27r63wb1i31nsxh-python3.13-pygments-2.19.2"
        },
        "aarch64-linux": {
          "outputs": [
            {
              "name": "out",
              "path": "/nix/store/qpfrwk6c0nfhl0w161jvfr31gj442prh-python3.13-pygments-2.19.2",
              "default": true
            },
            {
              "name": "dist",
              "path": "/nix/store/b70xci5qkhcvr6b16gpj5l58xbh963yl-python3.13-pygments-2.19.2-dist"
            }
          ],
          "store_path": "/nix/store/qpfrwk6c0nfhl0w161jvfr31gj442prh-python3.13-pygments-2.19.2"
        },
        "x86_64-darwin": {
          "outputs": [
            {
              "name": "out",
              "path": "/nix/store/i88bgg7vdrb5d3lrd0g1sbi5vyg61jy7-python3.13-pygments-2.19.2",
              "default": true
            },
            {
              "name": "dist",
              "path": "/nix/store/s7fq95k5vv854nvffclgx58jra01611a-python3.13-pygments-2.19.2-dist"
            }
          ],
          "store_path": "/nix/store/i88bgg7vdrb5d3lrd0g1sbi5vyg61jy7-python3.13-pygments-2.19.2"
        },
        "x86_64-linux": {
          "outputs": [
            {
              "name": "out",
              "path": "/nix/store/sjxs3kng5afadvzcf31azv0r8j2hnshw-python3.13-pygments-2.19.2",
              "default": true
            },
            {
              "name": "dist",
              "path": "/nix/store/9pi3dyhfizwsil0nqz4g9hk2yr2yv114-python3.13-pygments-2.19.2-dist"
            }
          ],
          "store_path": "/nix/store/sjxs3kng5afadvzcf31azv0r8j2hnshw-python3.13-pygments-2.19.2"
        }
      }
    },
    "python313Packages.redis@latest": {
      "last_modified": "2025-10-22T20:59:19Z",
      "resolved": "github:NixOS/nixpkgs/01b6809f7f9d1183a2b3e081f0a1e6f8f415cb09#python313Packages.redis",
      "source": "devbox-search",
      "version": "6.2.0",
      "systems": {
        "aarch64-darwin": {
          "outputs": [
            {
              "name": "out",
              "path": "/nix/store/xbshayrq25xrfla1ymcrlm88hjkcz4fj-python3.13-redis-6.2.0",
              "default": true
            },
            {
              "name": "dist",
              "path": "/nix/store/cvfrp61qb32li5wkghcwaj7qf4g8d4cr-python3.13-redis-6.2.0-dist"
            }
          ],
          "store_path": "/nix/store/xbshayrq25xrfla1ymcrlm88hjkcz4fj-python3.13-redis-6.2.0"
        },
        "aarch64-linux": {
          "outputs": [
            {
              "name": "out",
              "path": "/nix/store/wk544bsq9xgi0wa9z37cccgkrr05y41c-python3.13-redis-6.2.0",
              "default": true
            },
            {
              "name": "dist",
              "path": "/nix/store/0r4vn5274zi5ynzkipn6baryyqanqbn7-python3.13-redis-6.2.0-dist"
            }
          ],
          "store_path": "/nix/store/wk544bsq9xgi0wa9z37cccgkrr05y41c-python3.13-redis-6.2.0"
        },
        "x86_64-darwin": {
          "outputs": [
            {
              "name": "out",
              "path": "/nix/store/1jvrh8sp7zkf795vhvyqsix7n3hkhnb2-python3.13-redis-6.2.0",
              "default": true
            },
            {
              "name": "dist",
              "path": "/nix/store/6szi3f0xrmb6f6x8wm10mvrdzs65jg4p-python3.13-redis-6.2.0-dist"
            }
          ],
          "store_path": "/nix/store/1jvrh8sp7zkf795vhvyqsix7n3hkhnb2-python3.13-redis-6.2.0"
        },
        "x86_64-linux": {
          "outputs": [
            {
              "name": "out",
              "path": "/nix/store/gz0ly1xy6n5kkq3r0v4xvlb6b2lj16fx-python3.13-redis-6.2.0",
              "default": true
            },
            {
              "name": "dist",
              "path": "/nix/store/47f1swp5d2pdqx0lhhjjd1f87645rh3l-python3.13-redis-6.2.0-dist"
            }
          ],
          "store_path": "/nix/store/gz0ly1xy6n5kkq3r0v4xvlb6b2lj16fx-python3.13-redis-6.2.0"
        }
      }
    },
    "python313Packages.rich@latest": {
      "last_modified": "2025-10-22T20:59:19Z",
      "resolved": "github:NixOS/nixpkgs/01b6809f7f9d1183a2b3e081f0a1e6f8f415cb09#python313Packages.rich",
      "source": "devbox-search",
      "version": "14.1.0",
      "systems": {
        "aarch64-darwin": {
          "outputs": [
            {
              "name": "out",
              "path": "/nix/store/bnkjjs03vfy1q4b8ymfkn1zjyda200sw-python3.13-rich-14.1.0",
              "default": true
            },
            {
              "name": "dist",
              "path": "/nix/store/16kw2plhm15wbxw8r4aj44zkcsnlb58s-python3.13-rich-14.1.0-dist"
            }
          ],
          "store_path": "/nix/store/bnkjjs03vfy1q4b8ymfkn1zjyda200sw-python3.13-rich-14.1.0"
        },
        "aarch64-linux": {
          "outputs": [
            {
              "name": "out",
              "path": "/nix/store/52zx8y9d61vd03hm6022q670amf8xfrv-python3.13-rich-14.1.0",
              "default": true
            },
            {
              "name": "dist",
              "path": "/nix/store/r74znwa9lc61zn5kylmwp14fg616qigp-python3.13-rich-14.1.0-dist"
            }
          ],
          "store_path": "/nix/store/52zx8y9d61vd03hm6022q670amf8xfrv-python3.13-rich-14.1.0"
        },
        "x86_64-darwin": {
          "outputs": [
            {
              "name": "out",
              "path": "/nix/store/334sshzwbqp9ibhxjqg0w80c5bdiwyrh-python3.13-rich-14.1.0",
              "default": true
            },
            {
              "name": "dist",
              "path": "/nix/store/9dki1i9ddr1ygw9rrmgd8psnqswwp59y-python3.13-rich-14.1.0-dist"
            }
          ],
          "store_path": "/nix/store/334sshzwbqp9ibhxjqg0w80c5bdiwyrh-python3.13-rich-14.1.0"
        },
        "x86_64-linux": {
          "outputs": [
            {
              "name": "out",
              "path": "/nix/store/vlqgm6mnvbs5zcbaygar0haxpcbsfpvq-python3.13-rich-14.1.0",
              "default": true
            },
            {
              "name": "dist",
              "path": "/nix/store/a4pgxz5jq4fysrgs0marf3p92j0lh73i-python3.13-rich-14.1.0-dist"
            }
          ],
          "store_path": "/nix/store/vlqgm6mnvbs5zcbaygar0haxpcbsfpvq-python3.13-rich-14.1.0"
        }
      }
    },
    "python313Packages.ruff@latest": {
      "last_modified": "2025-11-03T07:53:02Z",
      "resolved": "github:NixOS/nixpkgs/7241bcbb4f099a66aafca120d37c65e8dda32717#python313Packages.ruff",
      "source": "devbox-search",
      "version": "0.14.3",
      "systems": {
        "aarch64-darwin": {
          "outputs": [
            {
              "name": "out",
              "path": "/nix/store/nbcrycpgvncs01jdzp9fijvmx28miggj-python3.13-ruff-0.14.3",
              "default": true
            },
            {
              "name": "dist",
              "path": "/nix/store/5khbs50mwhzgbja236hffbbb27kw5jdr-python3.13-ruff-0.14.3-dist"
            }
          ],
          "store_path": "/nix/store/nbcrycpgvncs01jdzp9fijvmx28miggj-python3.13-ruff-0.14.3"
        },
        "aarch64-linux": {
          "outputs": [
            {
              "name": "out",
              "path": "/nix/store/07cr7qpafw7fkl146brnmrrbghk4wbca-python3.13-ruff-0.14.3",
              "default": true
            },
            {
              "name": "dist",
              "path": "/nix/store/94mw3q8hbr3kyfr76hp4cjbdkpcvpd1z-python3.13-ruff-0.14.3-dist"
            }
          ],
          "store_path": "/nix/store/07cr7qpafw7fkl146brnmrrbghk4wbca-python3.13-ruff-0.14.3"
        },
        "x86_64-darwin": {
          "outputs": [
            {
              "name": "out",
              "path": "/nix/store/ibishlxrc37n8z7qh8pbdiijp94kppin-python3.13-ruff-0.14.3",
              "default": true
            },
            {
              "name": "dist",
              "path": "/nix/store/amih9c81d8nvnglsp1m0215hp910hwcw-python3.13-ruff-0.14.3-dist"
            }
          ],
          "store_path": "/nix/store/ibishlxrc37n8z7qh8pbdiijp94kppin-python3.13-ruff-0.14.3"
        },
        "x86_64-linux": {
          "outputs": [
            {
              "name": "out",
              "path": "/nix/store/17y7himh6plh64fasv7ycnmw43bqvjf4-python3.13-ruff-0.14.3",
              "default": true
            },
            {
              "name": "dist",
              "path": "/nix/store/bq2b9ma1g0vr5bcm48y0bw3wpwnk679n-python3.13-ruff-0.14.3-dist"
            }
          ],
          "store_path": "/nix/store/17y7himh6plh64fasv7ycnmw43bqvjf4-python3.13-ruff-0.14.3"
        }
      }
    },
    "python313Packages.textual@latest": {
      "last_modified": "2025-11-02T15:04:35Z",
      "resolved": "github:NixOS/nixpkgs/a3e67ddfeb2e04ef6ae3fddc8aae678696b08714#python313Packages.textual",
      "source": "devbox-search",
      "version": "6.5.0",
      "systems": {
        "aarch64-darwin": {
          "outputs": [
            {
              "name": "out",
              "path": "/nix/store/83w37yqypblx0qhx11k4qcrw15sam6yd-python3.13-textual-6.5.0",
              "default": true
            },
            {
              "name": "dist",
              "path": "/nix/store/kaxb74c676s13kij9qr27znrg411w4hj-python3.13-textual-6.5.0-dist"
            }
          ],
          "store_path": "/nix/store/83w37yqypblx0qhx11k4qcrw15sam6yd-python3.13-textual-6.5.0"
        },
        "aarch64-linux": {
          "outputs": [
            {
              "name": "out",
              "path": "/nix/store/2xaj0abmf87h5jxvp3yhhxmbk05ynwkk-python3.13-textual-6.5.0",
              "default": true
            },
            {
              "name": "dist",
              "path": "/nix/store/qa71lddlqdj8yj3ni14390shjr52sd11-python3.13-textual-6.5.0-dist"
            }
          ],
          "store_path": "/nix/store/2xaj0abmf87h5jxvp3yhhxmbk05ynwkk-python3.13-textual-6.5.0"
        },
        "x86_64-darwin": {
          "outputs": [
            {
              "name": "out",
              "path": "/nix/store/jjjl3lpw351cig074g9swllzikw8sdvk-python3.13-textual-6.5.0",
              "default": true
            },
            {
              "name": "dist",
              "path": "/nix/store/40gx360q6fscyq43b8gldavhzfxnafhr-python3.13-textual-6.5.0-dist"
            }
          ],
          "store_path": "/nix/store/jjjl3lpw351cig074g9swllzikw8sdvk-python3.13-textual-6.5.0"
        },
        "x86_64-linux": {
          "outputs": [
            {
              "name": "out",
              "path": "/nix/store/1c1lnir49j2m3hw90aqcl5lgqjl2qf0a-python3.13-textual-6.5.0",
              "default": true
            },
            {
              "name": "dist",
              "path": "/nix/store/glzz5hsbxczr24dgn42xlny7y2ldw4d8-python3.13-textual-6.5.0-dist"
            }
          ],
          "store_path": "/nix/store/1c1lnir49j2m3hw90aqcl5lgqjl2qf0a-python3.13-textual-6.5.0"
        }
      }
    },
    "python313Packages.typing-extensions@latest": {
      "last_modified": "2025-10-22T20:59:19Z",
      "resolved": "github:NixOS/nixpkgs/01b6809f7f9d1183a2b3e081f0a1e6f8f415cb09#python313Packages.typing-extensions",
      "source": "devbox-search",
      "version": "4.15.0",
      "systems": {
        "aarch64-darwin": {
          "outputs": [
            {
              "name": "out",
              "path": "/nix/store/4ya03i03dvzlbcwnw7j9mx2a8zsaw2nx-python3.13-typing-extensions-4.15.0",
              "default": true
            },
            {
              "name": "dist",
              "path": "/nix/store/7qp0nsradi49yyxl3w7cj1di5rzcv9ka-python3.13-typing-extensions-4.15.0-dist"
            }
          ],
          "store_path": "/nix/store/4ya03i03dvzlbcwnw7j9mx2a8zsaw2nx-python3.13-typing-extensions-4.15.0"
        },
        "aarch64-linux": {
          "outputs": [
            {
              "name": "out",
              "path": "/nix/store/hyxgiv4rplbs1w86n67dj36pan77ccl8-python3.13-typing-extensions-4.15.0",
              "default": true
            },
            {
              "name": "dist",
              "path": "/nix/store/hzx4x4j8xbbrbr7ghgnjqdz94cxlwn95-python3.13-typing-extensions-4.15.0-dist"
            }
          ],
          "store_path": "/nix/store/hyxgiv4rplbs1w86n67dj36pan77ccl8-python3.13-typing-extensions-4.15.0"
        },
        "x86_64-darwin": {
          "outputs": [
            {
              "name": "out",
              "path": "/nix/store/6c8ja4xvhjmd7j1rvbngm0yby54psgda-python3.13-typing-extensions-4.15.0",
              "default": true
            },
            {
              "name": "dist",
              "path": "/nix/store/az1bl6zdf1zb6wnzy14kvyzj0ril04nc-python3.13-typing-extensions-4.15.0-dist"
            }
          ],
          "store_path": "/nix/store/6c8ja4xvhjmd7j1rvbngm0yby54psgda-python3.13-typing-extensions-4.15.0"
        },
        "x86_64-linux": {
          "outputs": [
            {
              "name": "out",
              "path": "/nix/store/7lagvix8y98xrdj17qz5wllxnksbfh0s-python3.13-typing-extensions-4.15.0",
              "default": true
            },
            {
              "name": "dist",
              "path": "/nix/store/h0zslwxwfb6k36adr94d5nmwabi5i5ji-python3.13-typing-extensions-4.15.0-dist"
            }
          ],
          "store_path": "/nix/store/7lagvix8y98xrdj17qz5wllxnksbfh0s-python3.13-typing-extensions-4.15.0"
        }
      }
    },
    "python@3.13.3": {
      "last_modified": "2025-05-16T20:19:48Z",
      "plugin_version": "0.0.4",
      "resolved": "github:NixOS/nixpkgs/12a55407652e04dcf2309436eb06fef0d3713ef3#python313",
      "source": "devbox-search",
      "version": "3.13.3",
      "systems": {
        "aarch64-darwin": {
          "outputs": [
            {
              "name": "out",
              "path": "/nix/store/1a8xg8l3m67hxinxzzcsak9736qm9vsf-python3-3.13.3",
              "default": true
            }
          ],
          "store_path": "/nix/store/1a8xg8l3m67hxinxzzcsak9736qm9vsf-python3-3.13.3"
        },
        "aarch64-linux": {
          "outputs": [
            {
              "name": "out",
              "path": "/nix/store/yy0xvc2rydhrs0h1v8d7r3sql347xzz5-python3-3.13.3",
              "default": true
            },
            {
              "name": "debug",
              "path": "/nix/store/42bxfqfrh8cwspl7szr0cw8739xv8qlq-python3-3.13.3-debug"
            }
          ],
          "store_path": "/nix/store/yy0xvc2rydhrs0h1v8d7r3sql347xzz5-python3-3.13.3"
        },
        "x86_64-darwin": {
          "outputs": [
            {
              "name": "out",
              "path": "/nix/store/gbrigjhghz9v2p0zf9b2fnvs0g0yx7q4-python3-3.13.3",
              "default": true
            }
          ],
          "store_path": "/nix/store/gbrigjhghz9v2p0zf9b2fnvs0g0yx7q4-python3-3.13.3"
        },
        "x86_64-linux": {
          "outputs": [
            {
              "name": "out",
              "path": "/nix/store/2mab9iiwhcqwk75qwvp3zv0bvbiaq6cs-python3-3.13.3",
              "default": true
            },
            {
              "name": "debug",
              "path": "/nix/store/9z6k8ijl2md0y2n95yprbjj4vxbfsi15-python3-3.13.3-debug"
            }
          ],
          "store_path": "/nix/store/2mab9iiwhcqwk75qwvp3zv0bvbiaq6cs-python3-3.13.3"
        }
      }
    },
    "redis@latest": {
      "last_modified": "2025-10-22T20:59:19Z",
      "plugin_version": "0.0.2",
      "resolved": "github:NixOS/nixpkgs/01b6809f7f9d1183a2b3e081f0a1e6f8f415cb09#redis",
      "source": "devbox-search",
      "version": "8.2.2",
      "systems": {
        "aarch64-darwin": {
          "outputs": [
            {
              "name": "out",
              "path": "/nix/store/098ag56hpj05yi1a0lc5h3dabbjcak47-redis-8.2.2",
              "default": true
            }
          ],
          "store_path": "/nix/store/098ag56hpj05yi1a0lc5h3dabbjcak47-redis-8.2.2"
        },
        "aarch64-linux": {
          "outputs": [
            {
              "name": "out",
              "path": "/nix/store/76fkv3lj81582lxgcpz2c5qai4dbsy7s-redis-8.2.2",
              "default": true
            }
          ],
          "store_path": "/nix/store/76fkv3lj81582lxgcpz2c5qai4dbsy7s-redis-8.2.2"
        },
        "x86_64-darwin": {
          "outputs": [
            {
              "name": "out",
              "path": "/nix/store/jlfys7wmr257l75dsz4x0va0wp6agmyr-redis-8.2.2",
              "default": true
            }
          ],
          "store_path": "/nix/store/jlfys7wmr257l75dsz4x0va0wp6agmyr-redis-8.2.2"
        },
        "x86_64-linux": {
          "outputs": [
            {
              "name": "out",
              "path": "/nix/store/cmxzhc1q1dw301l5iwbjn3kx96vpj5am-redis-8.2.2",
              "default": true
            }
          ],
          "store_path": "/nix/store/cmxzhc1q1dw301l5iwbjn3kx96vpj5am-redis-8.2.2"
        }
      }
    },
    "rust-analyzer@latest": {
      "last_modified": "2025-11-01T04:38:15Z",
      "resolved": "github:NixOS/nixpkgs/f1e8ae508a9a467a9f51d29b8639e96db2b52c30#rust-analyzer",
      "source": "devbox-search",
      "version": "2025-10-28",
      "systems": {
        "aarch64-darwin": {
          "outputs": [
            {
              "name": "out",
              "path": "/nix/store/z63nrc6qyz8d6cj2aknh62w8sxbfgl57-rust-analyzer-2025-10-28",
              "default": true
            }
          ],
          "store_path": "/nix/store/z63nrc6qyz8d6cj2aknh62w8sxbfgl57-rust-analyzer-2025-10-28"
        },
        "aarch64-linux": {
          "outputs": [
            {
              "name": "out",
              "path": "/nix/store/2yasv8af8g67phhwr2gnmys06bjj53ax-rust-analyzer-2025-10-28",
              "default": true
            }
          ],
          "store_path": "/nix/store/2yasv8af8g67phhwr2gnmys06bjj53ax-rust-analyzer-2025-10-28"
        },
        "x86_64-darwin": {
          "outputs": [
            {
              "name": "out",
              "path": "/nix/store/r1afkswg4jc0kdrfag27ghn27xgf7cy6-rust-analyzer-2025-10-28",
              "default": true
            }
          ],
          "store_path": "/nix/store/r1afkswg4jc0kdrfag27ghn27xgf7cy6-rust-analyzer-2025-10-28"
        },
        "x86_64-linux": {
          "outputs": [
            {
              "name": "out",
              "path": "/nix/store/pflbq4iyh3rpbanba11lp3s9y859i55y-rust-analyzer-2025-10-28",
              "default": true
            }
          ],
          "store_path": "/nix/store/pflbq4iyh3rpbanba11lp3s9y859i55y-rust-analyzer-2025-10-28"
        }
      }
    },
    "rustc@latest": {
      "last_modified": "2025-10-22T20:59:19Z",
      "plugin_version": "0.0.1",
      "resolved": "github:NixOS/nixpkgs/01b6809f7f9d1183a2b3e081f0a1e6f8f415cb09#rustc",
      "source": "devbox-search",
      "version": "1.89.0",
      "systems": {
        "aarch64-darwin": {
          "outputs": [
            {
              "name": "out",
              "path": "/nix/store/5j36vpc3dcbqpjy73nxbsp6bx0g1k3fv-rustc-wrapper-1.89.0",
              "default": true
            },
            {
              "name": "man",
              "path": "/nix/store/sp5l2qbp6drmkbk80z6ks5hdnbaivsq4-rustc-wrapper-1.89.0-man",
              "default": true
            },
            {
              "name": "doc",
              "path": "/nix/store/b38f38i4l6pvw5x06ng3y2g34xx97ain-rustc-wrapper-1.89.0-doc"
            }
          ],
          "store_path": "/nix/store/5j36vpc3dcbqpjy73nxbsp6bx0g1k3fv-rustc-wrapper-1.89.0"
        },
        "aarch64-linux": {
          "outputs": [
            {
              "name": "out",
              "path": "/nix/store/59s3wpvdgm48kphsfn7gpnd3793c1rji-rustc-wrapper-1.89.0",
              "default": true
            },
            {
              "name": "man",
              "path": "/nix/store/9nxjc3iv8h9qd1fcgdk4nrd0gjpmr9z0-rustc-wrapper-1.89.0-man",
              "default": true
            },
            {
              "name": "doc",
              "path": "/nix/store/ky97k3ch6szgmwj4jvhhzwxs2dpj87ri-rustc-wrapper-1.89.0-doc"
            }
          ],
          "store_path": "/nix/store/59s3wpvdgm48kphsfn7gpnd3793c1rji-rustc-wrapper-1.89.0"
        },
        "x86_64-darwin": {
          "outputs": [
            {
              "name": "out",
              "path": "/nix/store/83wfwlnxqrb6nazzi3gb42baqbjn1n6f-rustc-wrapper-1.89.0",
              "default": true
            },
            {
              "name": "man",
              "path": "/nix/store/cvjs8z1q0k86i6bwyhcdbrw90pbf6vl3-rustc-wrapper-1.89.0-man",
              "default": true
            },
            {
              "name": "doc",
              "path": "/nix/store/f5fnw9k37frcag45pqcd1z4q9f22q7lb-rustc-wrapper-1.89.0-doc"
            }
          ],
          "store_path": "/nix/store/83wfwlnxqrb6nazzi3gb42baqbjn1n6f-rustc-wrapper-1.89.0"
        },
        "x86_64-linux": {
          "outputs": [
            {
              "name": "out",
              "path": "/nix/store/kgln61a78z8aj4amxgp0lyjj508xxwkr-rustc-wrapper-1.89.0",
              "default": true
            },
            {
              "name": "man",
              "path": "/nix/store/20pcgwwz1hpbzimv9j4vmpbn83yyjrq0-rustc-wrapper-1.89.0-man",
              "default": true
            },
            {
              "name": "doc",
              "path": "/nix/store/15vjayx5plj1h5bqvlif6wdg6m6p6kkh-rustc-wrapper-1.89.0-doc"
            }
          ],
          "store_path": "/nix/store/kgln61a78z8aj4amxgp0lyjj508xxwkr-rustc-wrapper-1.89.0"
        }
      }
    },
    "rustfmt@latest": {
      "last_modified": "2025-10-22T20:59:19Z",
      "resolved": "github:NixOS/nixpkgs/01b6809f7f9d1183a2b3e081f0a1e6f8f415cb09#rustfmt",
      "source": "devbox-search",
      "version": "1.89.0",
      "systems": {
        "aarch64-darwin": {
          "outputs": [
            {
              "name": "out",
              "path": "/nix/store/5f1n6pbc2hy76n2gzhwa78b3zix3ggg5-rustfmt-1.89.0",
              "default": true
            }
          ],
          "store_path": "/nix/store/5f1n6pbc2hy76n2gzhwa78b3zix3ggg5-rustfmt-1.89.0"
        },
        "aarch64-linux": {
          "outputs": [
            {
              "name": "out",
              "path": "/nix/store/38j5bn7l5qk5panxsdr7fi92zg7nz9hh-rustfmt-1.89.0",
              "default": true
            }
          ],
          "store_path": "/nix/store/38j5bn7l5qk5panxsdr7fi92zg7nz9hh-rustfmt-1.89.0"
        },
        "x86_64-darwin": {
          "outputs": [
            {
              "name": "out",
              "path": "/nix/store/ihazzv14jps09j69ijla4npx1wbqydxp-rustfmt-1.89.0",
              "default": true
            }
          ],
          "store_path": "/nix/store/ihazzv14jps09j69ijla4npx1wbqydxp-rustfmt-1.89.0"
        },
        "x86_64-linux": {
          "outputs": [
            {
              "name": "out",
              "path": "/nix/store/a6yc6xyjml0lggp1kr4mn8zccyq5rkiy-rustfmt-1.89.0",
              "default": true
            }
          ],
          "store_path": "/nix/store/a6yc6xyjml0lggp1kr4mn8zccyq5rkiy-rustfmt-1.89.0"
        }
      }
    },
    "rustup@latest": {
      "last_modified": "2025-10-22T20:59:19Z",
      "plugin_version": "0.0.1",
      "resolved": "github:NixOS/nixpkgs/01b6809f7f9d1183a2b3e081f0a1e6f8f415cb09#rustup",
      "source": "devbox-search",
      "version": "1.28.2",
      "systems": {
        "aarch64-darwin": {
          "outputs": [
            {
              "name": "out",
              "path": "/nix/store/6gyhdx8fma0hn51ygb94gi8s6gc0ydp8-rustup-1.28.2",
              "default": true
            }
          ],
          "store_path": "/nix/store/6gyhdx8fma0hn51ygb94gi8s6gc0ydp8-rustup-1.28.2"
        },
        "aarch64-linux": {
          "outputs": [
            {
              "name": "out",
              "path": "/nix/store/zkxmq84dnw1a9ayzjj93m9n82njjx0z6-rustup-1.28.2",
              "default": true
            }
          ],
          "store_path": "/nix/store/zkxmq84dnw1a9ayzjj93m9n82njjx0z6-rustup-1.28.2"
        },
        "x86_64-darwin": {
          "outputs": [
            {
              "name": "out",
              "path": "/nix/store/wbg1hf74gvzwx392dj3hl52w172wry3p-rustup-1.28.2",
              "default": true
            }
          ],
          "store_path": "/nix/store/wbg1hf74gvzwx392dj3hl52w172wry3p-rustup-1.28.2"
        },
        "x86_64-linux": {
          "outputs": [
            {
              "name": "out",
              "path": "/nix/store/3dc1qzvy282pi9abihbgp2z5b3l7r05i-rustup-1.28.2",
              "default": true
            }
          ],
          "store_path": "/nix/store/3dc1qzvy282pi9abihbgp2z5b3l7r05i-rustup-1.28.2"
        }
      }
    }
  }
}
